Microsoft Visual Studio Solution File, Format Version 11.00
# Visual Studio 2008

Project("{0A79C865-84E3-5032-99FC-61E8AE9E12B2}") = "HackSlash", "Assembly-CSharp-firstpass.csproj", "{D743D2E1-94E8-7A96-307B-772C8D1034A2}"
EndProject
Project("{0A79C865-84E3-5032-99FC-61E8AE9E12B2}") = "HackSlash", "Assembly-CSharp.csproj", "{2DC2D745-7210-ED65-4C64-EC6081860498}"
EndProject
Project("{0A79C865-84E3-5032-99FC-61E8AE9E12B2}") = "HackSlash", "Assembly-UnityScript-firstpass.unityproj", "{8B666B91-C0FB-032A-4333-E7703015034E}"
EndProject
Global
	GlobalSection(SolutionConfigurationPlatforms) = preSolution
		Debug|Any CPU = Debug|Any CPU
		Release|Any CPU = Release|Any CPU
	EndGlobalSection
	GlobalSection(ProjectConfigurationPlatforms) = postSolution
		{D743D2E1-94E8-7A96-307B-772C8D1034A2}.Debug|Any CPU.ActiveCfg = Debug|Any CPU
		{D743D2E1-94E8-7A96-307B-772C8D1034A2}.Debug|Any CPU.Build.0 = Debug|Any CPU
		{D743D2E1-94E8-7A96-307B-772C8D1034A2}.Release|Any CPU.ActiveCfg = Release|Any CPU
		{D743D2E1-94E8-7A96-307B-772C8D1034A2}.Release|Any CPU.Build.0 = Release|Any CPU
		{2DC2D745-7210-ED65-4C64-EC6081860498}.Debug|Any CPU.ActiveCfg = Debug|Any CPU
		{2DC2D745-7210-ED65-4C64-EC6081860498}.Debug|Any CPU.Build.0 = Debug|Any CPU
		{2DC2D745-7210-ED65-4C64-EC6081860498}.Release|Any CPU.ActiveCfg = Release|Any CPU
		{2DC2D745-7210-ED65-4C64-EC6081860498}.Release|Any CPU.Build.0 = Release|Any CPU
		{8B666B91-C0FB-032A-4333-E7703015034E}.Debug|Any CPU.ActiveCfg = Debug|Any CPU
		{8B666B91-C0FB-032A-4333-E7703015034E}.Debug|Any CPU.Build.0 = Debug|Any CPU
		{8B666B91-C0FB-032A-4333-E7703015034E}.Release|Any CPU.ActiveCfg = Release|Any CPU
		{8B666B91-C0FB-032A-4333-E7703015034E}.Release|Any CPU.Build.0 = Release|Any CPU
	EndGlobalSection
	GlobalSection(SolutionProperties) = preSolution
		HideSolutionNode = FALSE
	EndGlobalSection
								GlobalSection(MonoDevelopProperties) = preSolution
		StartupItem = Assembly-CSharp.csproj
		Policies = $0
		$0.TextStylePolicy = $1
		$1.inheritsSet = null
		$1.scope = text/x-csharp
		$0.CSharpFormattingPolicy = $2
		$2.inheritsSet = Mono
		$2.inheritsScope = text/x-csharp
		$2.scope = text/x-csharp
		$0.TextStylePolicy = $3
		$3.FileWidth = 120
		$3.TabWidth = 4
		$3.EolMarker = Unix
		$3.inheritsSet = Mono
		$3.inheritsScope = text/plain
		$3.scope = text/plain
	EndGlobalSection

EndGlobal
